
Microsoft Visual Studio Solution File, Format Version 12.00
# Visual Studio 15
VisualStudioVersion = 15.0.27428.2043
MinimumVisualStudioVersion = 10.0.40219.1
Project("{2150E333-8FDC-42A3-9474-1A3956D46DE8}") = "Aplication", "Aplication", "{F1118FAD-AA0D-4A34-A586-028D46F6CFBD}"
EndProject
Project("{2150E333-8FDC-42A3-9474-1A3956D46DE8}") = "Domain", "Domain", "{395C92D0-416D-4E27-84AB-6176AE4CA195}"
EndProject
Project("{2150E333-8FDC-42A3-9474-1A3956D46DE8}") = "Infra", "Infra", "{3AEAC5C6-1E41-4AD4-A283-D168ED27CCBB}"
EndProject
Project("{FAE04EC0-301F-11D3-BF4B-00C04F79EFBC}") = "ListTask.Domain", "ListTask.Domain\ListTask.Domain.csproj", "{BB33159B-861A-4BD9-8D67-D12C43DECFD5}"
EndProject
Project("{FAE04EC0-301F-11D3-BF4B-00C04F79EFBC}") = "ListaTask.Api", "ListaTask.Api\ListaTask.Api.csproj", "{CE1988B7-00D2-47BA-8AF2-D0D33F41901D}"
EndProject
Project("{FAE04EC0-301F-11D3-BF4B-00C04F79EFBC}") = "ListaTask.Infra", "ListaTask.Infra\ListaTask.Infra.csproj", "{9CE5F7D5-E9F7-47D2-BDCA-DB73C02514E1}"
EndProject
Project("{2150E333-8FDC-42A3-9474-1A3956D46DE8}") = "Shared", "Shared", "{8C142FEF-6DA2-4CF3-8986-FED15EE06846}"
EndProject
Project("{FAE04EC0-301F-11D3-BF4B-00C04F79EFBC}") = "ListaTask.Shared", "ListaTask.Shared\ListaTask.Shared.csproj", "{D63B13D7-BD69-4346-B59F-B7FD6EF83FB8}"
EndProject
Global
	GlobalSection(SolutionConfigurationPlatforms) = preSolution
		Debug|Any CPU = Debug|Any CPU
		Release|Any CPU = Release|Any CPU
	EndGlobalSection
	GlobalSection(ProjectConfigurationPlatforms) = postSolution
		{BB33159B-861A-4BD9-8D67-D12C43DECFD5}.Debug|Any CPU.ActiveCfg = Debug|Any CPU
		{BB33159B-861A-4BD9-8D67-D12C43DECFD5}.Debug|Any CPU.Build.0 = Debug|Any CPU
		{BB33159B-861A-4BD9-8D67-D12C43DECFD5}.Release|Any CPU.ActiveCfg = Release|Any CPU
		{BB33159B-861A-4BD9-8D67-D12C43DECFD5}.Release|Any CPU.Build.0 = Release|Any CPU
		{CE1988B7-00D2-47BA-8AF2-D0D33F41901D}.Debug|Any CPU.ActiveCfg = Debug|Any CPU
		{CE1988B7-00D2-47BA-8AF2-D0D33F41901D}.Debug|Any CPU.Build.0 = Debug|Any CPU
		{CE1988B7-00D2-47BA-8AF2-D0D33F41901D}.Release|Any CPU.ActiveCfg = Release|Any CPU
		{CE1988B7-00D2-47BA-8AF2-D0D33F41901D}.Release|Any CPU.Build.0 = Release|Any CPU
		{9CE5F7D5-E9F7-47D2-BDCA-DB73C02514E1}.Debug|Any CPU.ActiveCfg = Debug|Any CPU
		{9CE5F7D5-E9F7-47D2-BDCA-DB73C02514E1}.Debug|Any CPU.Build.0 = Debug|Any CPU
		{9CE5F7D5-E9F7-47D2-BDCA-DB73C02514E1}.Release|Any CPU.ActiveCfg = Release|Any CPU
		{9CE5F7D5-E9F7-47D2-BDCA-DB73C02514E1}.Release|Any CPU.Build.0 = Release|Any CPU
		{D63B13D7-BD69-4346-B59F-B7FD6EF83FB8}.Debug|Any CPU.ActiveCfg = Debug|Any CPU
		{D63B13D7-BD69-4346-B59F-B7FD6EF83FB8}.Debug|Any CPU.Build.0 = Debug|Any CPU
		{D63B13D7-BD69-4346-B59F-B7FD6EF83FB8}.Release|Any CPU.ActiveCfg = Release|Any CPU
		{D63B13D7-BD69-4346-B59F-B7FD6EF83FB8}.Release|Any CPU.Build.0 = Release|Any CPU
	EndGlobalSection
	GlobalSection(SolutionProperties) = preSolution
		HideSolutionNode = FALSE
	EndGlobalSection
	GlobalSection(NestedProjects) = preSolution
		{BB33159B-861A-4BD9-8D67-D12C43DECFD5} = {395C92D0-416D-4E27-84AB-6176AE4CA195}
		{CE1988B7-00D2-47BA-8AF2-D0D33F41901D} = {F1118FAD-AA0D-4A34-A586-028D46F6CFBD}
		{9CE5F7D5-E9F7-47D2-BDCA-DB73C02514E1} = {3AEAC5C6-1E41-4AD4-A283-D168ED27CCBB}
		{D63B13D7-BD69-4346-B59F-B7FD6EF83FB8} = {8C142FEF-6DA2-4CF3-8986-FED15EE06846}
	EndGlobalSection
	GlobalSection(ExtensibilityGlobals) = postSolution
		SolutionGuid = {6944E2A0-9327-4FC5-8056-8BB359CB420C}
	EndGlobalSection
EndGlobal
